
Microsoft Visual Studio Solution File, Format Version 12.00
# Visual Studio Version 16
VisualStudioVersion = 16.0.29411.108
MinimumVisualStudioVersion = 10.0.40219.1
Project("{FAE04EC0-301F-11D3-BF4B-00C04F79EFBC}") = "ProyectoMatematicas", "ProyectoMatematicas\ProyectoMatematicas.csproj", "{CA51181B-678C-4453-951A-CEB8B900E0D8}"
EndProject
Global
	GlobalSection(SolutionConfigurationPlatforms) = preSolution
		Debug|Any CPU = Debug|Any CPU
		Release|Any CPU = Release|Any CPU
	EndGlobalSection
	GlobalSection(ProjectConfigurationPlatforms) = postSolution
		{CA51181B-678C-4453-951A-CEB8B900E0D8}.Debug|Any CPU.ActiveCfg = Debug|Any CPU
		{CA51181B-678C-4453-951A-CEB8B900E0D8}.Debug|Any CPU.Build.0 = Debug|Any CPU
		{CA51181B-678C-4453-951A-CEB8B900E0D8}.Release|Any CPU.ActiveCfg = Release|Any CPU
		{CA51181B-678C-4453-951A-CEB8B900E0D8}.Release|Any CPU.Build.0 = Release|Any CPU
	EndGlobalSection
	GlobalSection(SolutionProperties) = preSolution
		HideSolutionNode = FALSE
	EndGlobalSection
	GlobalSection(ExtensibilityGlobals) = postSolution
		SolutionGuid = {34E74694-FAA6-4FE6-BD12-D3BE3C812246}
	EndGlobalSection
EndGlobal
